
Microsoft Visual Studio Solution File, Format Version 12.00
# Visual Studio Version 16
VisualStudioVersion = 16.0.29503.13
MinimumVisualStudioVersion = 10.0.40219.1
Project("{FAE04EC0-301F-11D3-BF4B-00C04F79EFBC}") = "OrionAntivirus", "OrionAntivirus\OrionAntivirus.csproj", "{6B8824EE-B110-4BCE-8EAE-B603902EBC77}"
EndProject
Project("{54435603-DBB4-11D2-8724-00A0C9A8B90C}") = "Orion Antivirus", "Orion Antivirus\Orion Antivirus.vdproj", "{394C2F19-30F2-4E44-966C-927303808450}"
EndProject
Global
	GlobalSection(SolutionConfigurationPlatforms) = preSolution
		Debug|Any CPU = Debug|Any CPU
		Release|Any CPU = Release|Any CPU
	EndGlobalSection
	GlobalSection(ProjectConfigurationPlatforms) = postSolution
		{6B8824EE-B110-4BCE-8EAE-B603902EBC77}.Debug|Any CPU.ActiveCfg = Release|Any CPU
		{6B8824EE-B110-4BCE-8EAE-B603902EBC77}.Debug|Any CPU.Build.0 = Release|Any CPU
		{6B8824EE-B110-4BCE-8EAE-B603902EBC77}.Release|Any CPU.ActiveCfg = Release|Any CPU
		{6B8824EE-B110-4BCE-8EAE-B603902EBC77}.Release|Any CPU.Build.0 = Release|Any CPU
		{394C2F19-30F2-4E44-966C-927303808450}.Debug|Any CPU.ActiveCfg = Debug
		{394C2F19-30F2-4E44-966C-927303808450}.Release|Any CPU.ActiveCfg = Release
	EndGlobalSection
	GlobalSection(SolutionProperties) = preSolution
		HideSolutionNode = FALSE
	EndGlobalSection
	GlobalSection(ExtensibilityGlobals) = postSolution
		SolutionGuid = {0935F65D-CB6B-4315-A9A3-3F521140F0BF}
	EndGlobalSection
EndGlobal
