
Microsoft Visual Studio Solution File, Format Version 12.00
# Visual Studio 15
VisualStudioVersion = 15.0.28010.2003
MinimumVisualStudioVersion = 10.0.40219.1
Project("{FAE04EC0-301F-11D3-BF4B-00C04F79EFBC}") = "OrionAntivirus", "OrionAntivirus\OrionAntivirus.csproj", "{6B8824EE-B110-4BCE-8EAE-B603902EBC77}"
EndProject
Global
	GlobalSection(SolutionConfigurationPlatforms) = preSolution
		Debug|Any CPU = Debug|Any CPU
		Release|Any CPU = Release|Any CPU
	EndGlobalSection
	GlobalSection(ProjectConfigurationPlatforms) = postSolution
		{6B8824EE-B110-4BCE-8EAE-B603902EBC77}.Debug|Any CPU.ActiveCfg = Debug|Any CPU
		{6B8824EE-B110-4BCE-8EAE-B603902EBC77}.Debug|Any CPU.Build.0 = Debug|Any CPU
		{6B8824EE-B110-4BCE-8EAE-B603902EBC77}.Release|Any CPU.ActiveCfg = Release|Any CPU
		{6B8824EE-B110-4BCE-8EAE-B603902EBC77}.Release|Any CPU.Build.0 = Release|Any CPU
	EndGlobalSection
	GlobalSection(SolutionProperties) = preSolution
		HideSolutionNode = FALSE
	EndGlobalSection
	GlobalSection(ExtensibilityGlobals) = postSolution
		SolutionGuid = {0935F65D-CB6B-4315-A9A3-3F521140F0BF}
	EndGlobalSection
EndGlobal
